// !$*UTF8*$!
{
	archiveVersion = 1;
	classes = {
	};
	objectVersion = 51;
	objects = {

/* Begin PBXBuildFile section */
		110163F827F4B6B400910BC8 /* FreeCollection.storyboard in Resources */ = {isa = PBXBuildFile; fileRef = 110163F727F4B6B400910BC8 /* FreeCollection.storyboard */; };
		110163FA27F4BAAC00910BC8 /* FreeCollectionVC.swift in Sources */ = {isa = PBXBuildFile; fileRef = 110163F927F4BAAC00910BC8 /* FreeCollectionVC.swift */; };
		110163FC27F51F4B00910BC8 /* WallpaperCollectionViewCell.swift in Sources */ = {isa = PBXBuildFile; fileRef = 110163FB27F51F4B00910BC8 /* WallpaperCollectionViewCell.swift */; };
		110163FE27F6AE2E00910BC8 /* Wallpaper.swift in Sources */ = {isa = PBXBuildFile; fileRef = 110163FD27F6AE2E00910BC8 /* Wallpaper.swift */; };
		112D1E40282B1EFB009DE1A0 /* SideMenuVCtwo.swift in Sources */ = {isa = PBXBuildFile; fileRef = EB7F3F3D24E78DAE003DCD3D /* SideMenuVCtwo.swift */; };
		11844E4E2806B35900F354AA /* DownloadExtension.swift in Sources */ = {isa = PBXBuildFile; fileRef = 11844E4D2806B35900F354AA /* DownloadExtension.swift */; };
		11844E502807A78800F354AA /* HowToChangeWallpaperVC.swift in Sources */ = {isa = PBXBuildFile; fileRef = 11844E4F2807A78800F354AA /* HowToChangeWallpaperVC.swift */; };
		11844E522807A7DE00F354AA /* HowToChangeWallpaper.storyboard in Resources */ = {isa = PBXBuildFile; fileRef = 11844E512807A7DE00F354AA /* HowToChangeWallpaper.storyboard */; };
		11844E542807AE3B00F354AA /* howToChangeWallpapers.pdf in Resources */ = {isa = PBXBuildFile; fileRef = 11844E532807AE3B00F354AA /* howToChangeWallpapers.pdf */; };
		11C096FC27F8035200D1A88D /* colorsDb.txt in Resources */ = {isa = PBXBuildFile; fileRef = 11C096FB27F8035200D1A88D /* colorsDb.txt */; };
		11C0970027FD618000D1A88D /* artWords.txt in Resources */ = {isa = PBXBuildFile; fileRef = 11C096FF27FD618000D1A88D /* artWords.txt */; };
		11C0972827FFFDE900D1A88D /* wallpapers.json in Resources */ = {isa = PBXBuildFile; fileRef = 11C0972727FFFDE900D1A88D /* wallpapers.json */; };
		11C0972A2800070300D1A88D /* WallpaperFile.swift in Sources */ = {isa = PBXBuildFile; fileRef = 11C097292800070300D1A88D /* WallpaperFile.swift */; };
		11C0972C28063CAF00D1A88D /* DownloadVC.swift in Sources */ = {isa = PBXBuildFile; fileRef = 11C0972B28063CAF00D1A88D /* DownloadVC.swift */; };
		D1A042CD3A8DD316C6AB7390 /* Pods_RandomArt.framework in Frameworks */ = {isa = PBXBuildFile; fileRef = C66736AD5C9E92A099F8E51A /* Pods_RandomArt.framework */; };
		EB7F3F0524E721E1003DCD3D /* AppDelegate.swift in Sources */ = {isa = PBXBuildFile; fileRef = EB7F3F0424E721E1003DCD3D /* AppDelegate.swift */; };
		EB7F3F0724E721E1003DCD3D /* SceneDelegate.swift in Sources */ = {isa = PBXBuildFile; fileRef = EB7F3F0624E721E1003DCD3D /* SceneDelegate.swift */; };
		EB7F3F0C24E721E1003DCD3D /* Main.storyboard in Resources */ = {isa = PBXBuildFile; fileRef = EB7F3F0A24E721E1003DCD3D /* Main.storyboard */; };
		EB7F3F1124E721E2003DCD3D /* LaunchScreen.storyboard in Resources */ = {isa = PBXBuildFile; fileRef = EB7F3F0F24E721E2003DCD3D /* LaunchScreen.storyboard */; };
		EB7F3F1C24E721E2003DCD3D /* RandomArtTests.swift in Sources */ = {isa = PBXBuildFile; fileRef = EB7F3F1B24E721E2003DCD3D /* RandomArtTests.swift */; };
		EB7F3F2724E721E2003DCD3D /* RandomArtUITests.swift in Sources */ = {isa = PBXBuildFile; fileRef = EB7F3F2624E721E2003DCD3D /* RandomArtUITests.swift */; };
		EB7F3F3C24E78D72003DCD3D /* CanvasVC.swift in Sources */ = {isa = PBXBuildFile; fileRef = EB7F3F3B24E78D72003DCD3D /* CanvasVC.swift */; };
		EB7F3F4724E89841003DCD3D /* MathBinaryTree.swift in Sources */ = {isa = PBXBuildFile; fileRef = EB7F3F4624E89841003DCD3D /* MathBinaryTree.swift */; };
		EB7F3F4924E8987A003DCD3D /* Node.swift in Sources */ = {isa = PBXBuildFile; fileRef = EB7F3F4824E8987A003DCD3D /* Node.swift */; };
		EB7F3F4B24EBBA02003DCD3D /* CanvasV.swift in Sources */ = {isa = PBXBuildFile; fileRef = EB7F3F4A24EBBA02003DCD3D /* CanvasV.swift */; };
		EBFFD2ED2519806E00B1641D /* Assets.xcassets in Resources */ = {isa = PBXBuildFile; fileRef = EBFFD2EC2519806E00B1641D /* Assets.xcassets */; };
/* End PBXBuildFile section */

/* Begin PBXContainerItemProxy section */
		EB7F3F1824E721E2003DCD3D /* PBXContainerItemProxy */ = {
			isa = PBXContainerItemProxy;
			containerPortal = EB7F3EF924E721E1003DCD3D /* Project object */;
			proxyType = 1;
			remoteGlobalIDString = EB7F3F0024E721E1003DCD3D;
			remoteInfo = RandomArt;
		};
		EB7F3F2324E721E2003DCD3D /* PBXContainerItemProxy */ = {
			isa = PBXContainerItemProxy;
			containerPortal = EB7F3EF924E721E1003DCD3D /* Project object */;
			proxyType = 1;
			remoteGlobalIDString = EB7F3F0024E721E1003DCD3D;
			remoteInfo = RandomArt;
		};
/* End PBXContainerItemProxy section */

/* Begin PBXFileReference section */
		110163F727F4B6B400910BC8 /* FreeCollection.storyboard */ = {isa = PBXFileReference; lastKnownFileType = file.storyboard; path = FreeCollection.storyboard; sourceTree = "<group>"; };
		110163F927F4BAAC00910BC8 /* FreeCollectionVC.swift */ = {isa = PBXFileReference; lastKnownFileType = sourcecode.swift; path = FreeCollectionVC.swift; sourceTree = "<group>"; };
		110163FB27F51F4B00910BC8 /* WallpaperCollectionViewCell.swift */ = {isa = PBXFileReference; lastKnownFileType = sourcecode.swift; path = WallpaperCollectionViewCell.swift; sourceTree = "<group>"; };
		110163FD27F6AE2E00910BC8 /* Wallpaper.swift */ = {isa = PBXFileReference; lastKnownFileType = sourcecode.swift; path = Wallpaper.swift; sourceTree = "<group>"; };
		11844E4D2806B35900F354AA /* DownloadExtension.swift */ = {isa = PBXFileReference; lastKnownFileType = sourcecode.swift; path = DownloadExtension.swift; sourceTree = "<group>"; };
		11844E4F2807A78800F354AA /* HowToChangeWallpaperVC.swift */ = {isa = PBXFileReference; lastKnownFileType = sourcecode.swift; path = HowToChangeWallpaperVC.swift; sourceTree = "<group>"; };
		11844E512807A7DE00F354AA /* HowToChangeWallpaper.storyboard */ = {isa = PBXFileReference; lastKnownFileType = file.storyboard; path = HowToChangeWallpaper.storyboard; sourceTree = "<group>"; };
		11844E532807AE3B00F354AA /* howToChangeWallpapers.pdf */ = {isa = PBXFileReference; lastKnownFileType = image.pdf; path = howToChangeWallpapers.pdf; sourceTree = "<group>"; };
		11C096FB27F8035200D1A88D /* colorsDb.txt */ = {isa = PBXFileReference; fileEncoding = 4; lastKnownFileType = text; path = colorsDb.txt; sourceTree = "<group>"; };
		11C096FF27FD618000D1A88D /* artWords.txt */ = {isa = PBXFileReference; fileEncoding = 4; lastKnownFileType = text; path = artWords.txt; sourceTree = "<group>"; };
		11C0972727FFFDE900D1A88D /* wallpapers.json */ = {isa = PBXFileReference; fileEncoding = 4; lastKnownFileType = text.json; path = wallpapers.json; sourceTree = "<group>"; };
		11C097292800070300D1A88D /* WallpaperFile.swift */ = {isa = PBXFileReference; lastKnownFileType = sourcecode.swift; path = WallpaperFile.swift; sourceTree = "<group>"; };
		11C0972B28063CAF00D1A88D /* DownloadVC.swift */ = {isa = PBXFileReference; lastKnownFileType = sourcecode.swift; path = DownloadVC.swift; sourceTree = "<group>"; };
		B1E1176E7EAF03D3420532E0 /* Pods-RandomArt.release.xcconfig */ = {isa = PBXFileReference; includeInIndex = 1; lastKnownFileType = text.xcconfig; name = "Pods-RandomArt.release.xcconfig"; path = "Target Support Files/Pods-RandomArt/Pods-RandomArt.release.xcconfig"; sourceTree = "<group>"; };
		C66736AD5C9E92A099F8E51A /* Pods_RandomArt.framework */ = {isa = PBXFileReference; explicitFileType = wrapper.framework; includeInIndex = 0; path = Pods_RandomArt.framework; sourceTree = BUILT_PRODUCTS_DIR; };
		E595757E0AEFB5B2C91A120E /* Pods-RandomArt.debug.xcconfig */ = {isa = PBXFileReference; includeInIndex = 1; lastKnownFileType = text.xcconfig; name = "Pods-RandomArt.debug.xcconfig"; path = "Target Support Files/Pods-RandomArt/Pods-RandomArt.debug.xcconfig"; sourceTree = "<group>"; };
		EB7F3F0124E721E1003DCD3D /* RandomArt.app */ = {isa = PBXFileReference; explicitFileType = wrapper.application; includeInIndex = 0; path = RandomArt.app; sourceTree = BUILT_PRODUCTS_DIR; };
		EB7F3F0424E721E1003DCD3D /* AppDelegate.swift */ = {isa = PBXFileReference; lastKnownFileType = sourcecode.swift; path = AppDelegate.swift; sourceTree = "<group>"; };
		EB7F3F0624E721E1003DCD3D /* SceneDelegate.swift */ = {isa = PBXFileReference; lastKnownFileType = sourcecode.swift; path = SceneDelegate.swift; sourceTree = "<group>"; };
		EB7F3F0B24E721E1003DCD3D /* Base */ = {isa = PBXFileReference; lastKnownFileType = file.storyboard; name = Base; path = Base.lproj/Main.storyboard; sourceTree = "<group>"; };
		EB7F3F1024E721E2003DCD3D /* Base */ = {isa = PBXFileReference; lastKnownFileType = file.storyboard; name = Base; path = Base.lproj/LaunchScreen.storyboard; sourceTree = "<group>"; };
		EB7F3F1224E721E2003DCD3D /* Info.plist */ = {isa = PBXFileReference; lastKnownFileType = text.plist.xml; path = Info.plist; sourceTree = "<group>"; };
		EB7F3F1724E721E2003DCD3D /* RandomArtTests.xctest */ = {isa = PBXFileReference; explicitFileType = wrapper.cfbundle; includeInIndex = 0; path = RandomArtTests.xctest; sourceTree = BUILT_PRODUCTS_DIR; };
		EB7F3F1B24E721E2003DCD3D /* RandomArtTests.swift */ = {isa = PBXFileReference; lastKnownFileType = sourcecode.swift; path = RandomArtTests.swift; sourceTree = "<group>"; };
		EB7F3F1D24E721E2003DCD3D /* Info.plist */ = {isa = PBXFileReference; lastKnownFileType = text.plist.xml; path = Info.plist; sourceTree = "<group>"; };
		EB7F3F2224E721E2003DCD3D /* RandomArtUITests.xctest */ = {isa = PBXFileReference; explicitFileType = wrapper.cfbundle; includeInIndex = 0; path = RandomArtUITests.xctest; sourceTree = BUILT_PRODUCTS_DIR; };
		EB7F3F2624E721E2003DCD3D /* RandomArtUITests.swift */ = {isa = PBXFileReference; lastKnownFileType = sourcecode.swift; path = RandomArtUITests.swift; sourceTree = "<group>"; };
		EB7F3F2824E721E2003DCD3D /* Info.plist */ = {isa = PBXFileReference; lastKnownFileType = text.plist.xml; path = Info.plist; sourceTree = "<group>"; };
		EB7F3F3B24E78D72003DCD3D /* CanvasVC.swift */ = {isa = PBXFileReference; lastKnownFileType = sourcecode.swift; path = CanvasVC.swift; sourceTree = "<group>"; };
		EB7F3F3D24E78DAE003DCD3D /* SideMenuVCtwo.swift */ = {isa = PBXFileReference; lastKnownFileType = sourcecode.swift; path = SideMenuVCtwo.swift; sourceTree = "<group>"; };
		EB7F3F4624E89841003DCD3D /* MathBinaryTree.swift */ = {isa = PBXFileReference; lastKnownFileType = sourcecode.swift; path = MathBinaryTree.swift; sourceTree = "<group>"; };
		EB7F3F4824E8987A003DCD3D /* Node.swift */ = {isa = PBXFileReference; lastKnownFileType = sourcecode.swift; path = Node.swift; sourceTree = "<group>"; };
		EB7F3F4A24EBBA02003DCD3D /* CanvasV.swift */ = {isa = PBXFileReference; lastKnownFileType = sourcecode.swift; path = CanvasV.swift; sourceTree = "<group>"; };
		EBFFD2EC2519806E00B1641D /* Assets.xcassets */ = {isa = PBXFileReference; lastKnownFileType = folder.assetcatalog; path = Assets.xcassets; sourceTree = "<group>"; };
/* End PBXFileReference section */

/* Begin PBXFrameworksBuildPhase section */
		EB7F3EFE24E721E1003DCD3D /* Frameworks */ = {
			isa = PBXFrameworksBuildPhase;
			buildActionMask = 2147483647;
			files = (
				D1A042CD3A8DD316C6AB7390 /* Pods_RandomArt.framework in Frameworks */,
			);
			runOnlyForDeploymentPostprocessing = 0;
		};
		EB7F3F1424E721E2003DCD3D /* Frameworks */ = {
			isa = PBXFrameworksBuildPhase;
			buildActionMask = 2147483647;
			files = (
			);
			runOnlyForDeploymentPostprocessing = 0;
		};
		EB7F3F1F24E721E2003DCD3D /* Frameworks */ = {
			isa = PBXFrameworksBuildPhase;
			buildActionMask = 2147483647;
			files = (
			);
			runOnlyForDeploymentPostprocessing = 0;
		};
/* End PBXFrameworksBuildPhase section */

/* Begin PBXGroup section */
		0115C6B195A681D879C43057 /* Frameworks */ = {
			isa = PBXGroup;
			children = (
				C66736AD5C9E92A099F8E51A /* Pods_RandomArt.framework */,
			);
			name = Frameworks;
			sourceTree = "<group>";
		};
		11844E4C2806B31500F354AA /* Extensions */ = {
			isa = PBXGroup;
			children = (
				11844E4D2806B35900F354AA /* DownloadExtension.swift */,
			);
			path = Extensions;
			sourceTree = "<group>";
		};
		11844E552808945B00F354AA /* DataFiles */ = {
			isa = PBXGroup;
			children = (
				11C0972727FFFDE900D1A88D /* wallpapers.json */,
				11C096FB27F8035200D1A88D /* colorsDb.txt */,
				11C096FF27FD618000D1A88D /* artWords.txt */,
				11844E532807AE3B00F354AA /* howToChangeWallpapers.pdf */,
			);
			path = DataFiles;
			sourceTree = "<group>";
		};
		E31B87235CE1E57AB209C6EE /* Pods */ = {
			isa = PBXGroup;
			children = (
				E595757E0AEFB5B2C91A120E /* Pods-RandomArt.debug.xcconfig */,
				B1E1176E7EAF03D3420532E0 /* Pods-RandomArt.release.xcconfig */,
			);
			path = Pods;
			sourceTree = "<group>";
		};
		EB7F3EF824E721E1003DCD3D = {
			isa = PBXGroup;
			children = (
				EB7F3F0324E721E1003DCD3D /* RandomArt */,
				EB7F3F1A24E721E2003DCD3D /* RandomArtTests */,
				EB7F3F2524E721E2003DCD3D /* RandomArtUITests */,
				EB7F3F0224E721E1003DCD3D /* Products */,
				E31B87235CE1E57AB209C6EE /* Pods */,
				0115C6B195A681D879C43057 /* Frameworks */,
			);
			sourceTree = "<group>";
		};
		EB7F3F0224E721E1003DCD3D /* Products */ = {
			isa = PBXGroup;
			children = (
				EB7F3F0124E721E1003DCD3D /* RandomArt.app */,
				EB7F3F1724E721E2003DCD3D /* RandomArtTests.xctest */,
				EB7F3F2224E721E2003DCD3D /* RandomArtUITests.xctest */,
			);
			name = Products;
			sourceTree = "<group>";
		};
		EB7F3F0324E721E1003DCD3D /* RandomArt */ = {
			isa = PBXGroup;
			children = (
				11844E552808945B00F354AA /* DataFiles */,
				11844E4C2806B31500F354AA /* Extensions */,
				EB7F3F4324E89501003DCD3D /* DataStructures */,
				EB7F3F3624E73D38003DCD3D /* ViewControllers */,
				EB7F3F3424E73D0A003DCD3D /* StoryBoards */,
				EB7F3F0424E721E1003DCD3D /* AppDelegate.swift */,
				EB7F3F0624E721E1003DCD3D /* SceneDelegate.swift */,
				EB7F3F1224E721E2003DCD3D /* Info.plist */,
				EBFFD2EC2519806E00B1641D /* Assets.xcassets */,
			);
			path = RandomArt;
			sourceTree = "<group>";
		};
		EB7F3F1A24E721E2003DCD3D /* RandomArtTests */ = {
			isa = PBXGroup;
			children = (
				EB7F3F1B24E721E2003DCD3D /* RandomArtTests.swift */,
				EB7F3F1D24E721E2003DCD3D /* Info.plist */,
			);
			path = RandomArtTests;
			sourceTree = "<group>";
		};
		EB7F3F2524E721E2003DCD3D /* RandomArtUITests */ = {
			isa = PBXGroup;
			children = (
				EB7F3F2624E721E2003DCD3D /* RandomArtUITests.swift */,
				EB7F3F2824E721E2003DCD3D /* Info.plist */,
			);
			path = RandomArtUITests;
			sourceTree = "<group>";
		};
		EB7F3F3424E73D0A003DCD3D /* StoryBoards */ = {
			isa = PBXGroup;
			children = (
				EB7F3F0A24E721E1003DCD3D /* Main.storyboard */,
				110163F727F4B6B400910BC8 /* FreeCollection.storyboard */,
				11844E512807A7DE00F354AA /* HowToChangeWallpaper.storyboard */,
				EB7F3F0F24E721E2003DCD3D /* LaunchScreen.storyboard */,
			);
			path = StoryBoards;
			sourceTree = "<group>";
		};
		EB7F3F3624E73D38003DCD3D /* ViewControllers */ = {
			isa = PBXGroup;
			children = (
				EB7F3F3B24E78D72003DCD3D /* CanvasVC.swift */,
				EB7F3F3D24E78DAE003DCD3D /* SideMenuVCtwo.swift */,
				EB7F3F4A24EBBA02003DCD3D /* CanvasV.swift */,
				110163F927F4BAAC00910BC8 /* FreeCollectionVC.swift */,
				11C0972B28063CAF00D1A88D /* DownloadVC.swift */,
				11844E4F2807A78800F354AA /* HowToChangeWallpaperVC.swift */,
			);
			path = ViewControllers;
			sourceTree = "<group>";
		};
		EB7F3F4324E89501003DCD3D /* DataStructures */ = {
			isa = PBXGroup;
			children = (
				EB7F3F4624E89841003DCD3D /* MathBinaryTree.swift */,
				EB7F3F4824E8987A003DCD3D /* Node.swift */,
				110163FB27F51F4B00910BC8 /* WallpaperCollectionViewCell.swift */,
				110163FD27F6AE2E00910BC8 /* Wallpaper.swift */,
				11C097292800070300D1A88D /* WallpaperFile.swift */,
			);
			path = DataStructures;
			sourceTree = "<group>";
		};
/* End PBXGroup section */

/* Begin PBXNativeTarget section */
		EB7F3F0024E721E1003DCD3D /* RandomArt */ = {
			isa = PBXNativeTarget;
			buildConfigurationList = EB7F3F2B24E721E2003DCD3D /* Build configuration list for PBXNativeTarget "RandomArt" */;
			buildPhases = (
				FA6EE1526049A7FAC60E9983 /* [CP] Check Pods Manifest.lock */,
				EB7F3EFD24E721E1003DCD3D /* Sources */,
				EB7F3EFE24E721E1003DCD3D /* Frameworks */,
				EB7F3EFF24E721E1003DCD3D /* Resources */,
				5EFF6AA6E5DB34F72984D3FB /* [CP] Embed Pods Frameworks */,
			);
			buildRules = (
			);
			dependencies = (
			);
			name = RandomArt;
			productName = RandomArt;
			productReference = EB7F3F0124E721E1003DCD3D /* RandomArt.app */;
			productType = "com.apple.product-type.application";
		};
		EB7F3F1624E721E2003DCD3D /* RandomArtTests */ = {
			isa = PBXNativeTarget;
			buildConfigurationList = EB7F3F2E24E721E2003DCD3D /* Build configuration list for PBXNativeTarget "RandomArtTests" */;
			buildPhases = (
				EB7F3F1324E721E2003DCD3D /* Sources */,
				EB7F3F1424E721E2003DCD3D /* Frameworks */,
				EB7F3F1524E721E2003DCD3D /* Resources */,
			);
			buildRules = (
			);
			dependencies = (
				EB7F3F1924E721E2003DCD3D /* PBXTargetDependency */,
			);
			name = RandomArtTests;
			productName = RandomArtTests;
			productReference = EB7F3F1724E721E2003DCD3D /* RandomArtTests.xctest */;
			productType = "com.apple.product-type.bundle.unit-test";
		};
		EB7F3F2124E721E2003DCD3D /* RandomArtUITests */ = {
			isa = PBXNativeTarget;
			buildConfigurationList = EB7F3F3124E721E2003DCD3D /* Build configuration list for PBXNativeTarget "RandomArtUITests" */;
			buildPhases = (
				EB7F3F1E24E721E2003DCD3D /* Sources */,
				EB7F3F1F24E721E2003DCD3D /* Frameworks */,
				EB7F3F2024E721E2003DCD3D /* Resources */,
			);
			buildRules = (
			);
			dependencies = (
				EB7F3F2424E721E2003DCD3D /* PBXTargetDependency */,
			);
			name = RandomArtUITests;
			productName = RandomArtUITests;
			productReference = EB7F3F2224E721E2003DCD3D /* RandomArtUITests.xctest */;
			productType = "com.apple.product-type.bundle.ui-testing";
		};
/* End PBXNativeTarget section */

/* Begin PBXProject section */
		EB7F3EF924E721E1003DCD3D /* Project object */ = {
			isa = PBXProject;
			attributes = {
				LastSwiftUpdateCheck = 1160;
				LastUpgradeCheck = 1220;
				ORGANIZATIONNAME = ronald;
				TargetAttributes = {
					EB7F3F0024E721E1003DCD3D = {
						CreatedOnToolsVersion = 11.6;
					};
					EB7F3F1624E721E2003DCD3D = {
						CreatedOnToolsVersion = 11.6;
						TestTargetID = EB7F3F0024E721E1003DCD3D;
					};
					EB7F3F2124E721E2003DCD3D = {
						CreatedOnToolsVersion = 11.6;
						TestTargetID = EB7F3F0024E721E1003DCD3D;
					};
				};
			};
			buildConfigurationList = EB7F3EFC24E721E1003DCD3D /* Build configuration list for PBXProject "RandomArt" */;
			compatibilityVersion = "Xcode 9.3";
			developmentRegion = en;
			hasScannedForEncodings = 0;
			knownRegions = (
				en,
				Base,
			);
			mainGroup = EB7F3EF824E721E1003DCD3D;
			productRefGroup = EB7F3F0224E721E1003DCD3D /* Products */;
			projectDirPath = "";
			projectRoot = "";
			targets = (
				EB7F3F0024E721E1003DCD3D /* RandomArt */,
				EB7F3F1624E721E2003DCD3D /* RandomArtTests */,
				EB7F3F2124E721E2003DCD3D /* RandomArtUITests */,
			);
		};
/* End PBXProject section */

/* Begin PBXResourcesBuildPhase section */
		EB7F3EFF24E721E1003DCD3D /* Resources */ = {
			isa = PBXResourcesBuildPhase;
			buildActionMask = 2147483647;
			files = (
				11C0970027FD618000D1A88D /* artWords.txt in Resources */,
				11C0972827FFFDE900D1A88D /* wallpapers.json in Resources */,
				110163F827F4B6B400910BC8 /* FreeCollection.storyboard in Resources */,
				EB7F3F1124E721E2003DCD3D /* LaunchScreen.storyboard in Resources */,
				EBFFD2ED2519806E00B1641D /* Assets.xcassets in Resources */,
				11C096FC27F8035200D1A88D /* colorsDb.txt in Resources */,
				11844E542807AE3B00F354AA /* howToChangeWallpapers.pdf in Resources */,
				EB7F3F0C24E721E1003DCD3D /* Main.storyboard in Resources */,
				11844E522807A7DE00F354AA /* HowToChangeWallpaper.storyboard in Resources */,
			);
			runOnlyForDeploymentPostprocessing = 0;
		};
		EB7F3F1524E721E2003DCD3D /* Resources */ = {
			isa = PBXResourcesBuildPhase;
			buildActionMask = 2147483647;
			files = (
			);
			runOnlyForDeploymentPostprocessing = 0;
		};
		EB7F3F2024E721E2003DCD3D /* Resources */ = {
			isa = PBXResourcesBuildPhase;
			buildActionMask = 2147483647;
			files = (
			);
			runOnlyForDeploymentPostprocessing = 0;
		};
/* End PBXResourcesBuildPhase section */

/* Begin PBXShellScriptBuildPhase section */
		5EFF6AA6E5DB34F72984D3FB /* [CP] Embed Pods Frameworks */ = {
			isa = PBXShellScriptBuildPhase;
			buildActionMask = 2147483647;
			files = (
			);
			inputFileListPaths = (
				"${PODS_ROOT}/Target Support Files/Pods-RandomArt/Pods-RandomArt-frameworks-${CONFIGURATION}-input-files.xcfilelist",
			);
			name = "[CP] Embed Pods Frameworks";
			outputFileListPaths = (
				"${PODS_ROOT}/Target Support Files/Pods-RandomArt/Pods-RandomArt-frameworks-${CONFIGURATION}-output-files.xcfilelist",
			);
			runOnlyForDeploymentPostprocessing = 0;
			shellPath = /bin/sh;
			shellScript = "\"${PODS_ROOT}/Target Support Files/Pods-RandomArt/Pods-RandomArt-frameworks.sh\"\n";
			showEnvVarsInLog = 0;
		};
		FA6EE1526049A7FAC60E9983 /* [CP] Check Pods Manifest.lock */ = {
			isa = PBXShellScriptBuildPhase;
			buildActionMask = 2147483647;
			files = (
			);
			inputFileListPaths = (
			);
			inputPaths = (
				"${PODS_PODFILE_DIR_PATH}/Podfile.lock",
				"${PODS_ROOT}/Manifest.lock",
			);
			name = "[CP] Check Pods Manifest.lock";
			outputFileListPaths = (
			);
			outputPaths = (
				"$(DERIVED_FILE_DIR)/Pods-RandomArt-checkManifestLockResult.txt",
			);
			runOnlyForDeploymentPostprocessing = 0;
			shellPath = /bin/sh;
			shellScript = "diff \"${PODS_PODFILE_DIR_PATH}/Podfile.lock\" \"${PODS_ROOT}/Manifest.lock\" > /dev/null\nif [ $? != 0 ] ; then\n    # print error to STDERR\n    echo \"error: The sandbox is not in sync with the Podfile.lock. Run 'pod install' or update your CocoaPods installation.\" >&2\n    exit 1\nfi\n# This output is used by Xcode 'outputs' to avoid re-running this script phase.\necho \"SUCCESS\" > \"${SCRIPT_OUTPUT_FILE_0}\"\n";
			showEnvVarsInLog = 0;
		};
/* End PBXShellScriptBuildPhase section */

/* Begin PBXSourcesBuildPhase section */
		EB7F3EFD24E721E1003DCD3D /* Sources */ = {
			isa = PBXSourcesBuildPhase;
			buildActionMask = 2147483647;
			files = (
				11844E4E2806B35900F354AA /* DownloadExtension.swift in Sources */,
				EB7F3F4924E8987A003DCD3D /* Node.swift in Sources */,
				112D1E40282B1EFB009DE1A0 /* SideMenuVCtwo.swift in Sources */,
				EB7F3F4B24EBBA02003DCD3D /* CanvasV.swift in Sources */,
				11C0972A2800070300D1A88D /* WallpaperFile.swift in Sources */,
				110163FE27F6AE2E00910BC8 /* Wallpaper.swift in Sources */,
				11844E502807A78800F354AA /* HowToChangeWallpaperVC.swift in Sources */,
				EB7F3F0524E721E1003DCD3D /* AppDelegate.swift in Sources */,
				110163FC27F51F4B00910BC8 /* WallpaperCollectionViewCell.swift in Sources */,
				EB7F3F0724E721E1003DCD3D /* SceneDelegate.swift in Sources */,
				11C0972C28063CAF00D1A88D /* DownloadVC.swift in Sources */,
				110163FA27F4BAAC00910BC8 /* FreeCollectionVC.swift in Sources */,
				EB7F3F4724E89841003DCD3D /* MathBinaryTree.swift in Sources */,
				EB7F3F3C24E78D72003DCD3D /* CanvasVC.swift in Sources */,
			);
			runOnlyForDeploymentPostprocessing = 0;
		};
		EB7F3F1324E721E2003DCD3D /* Sources */ = {
			isa = PBXSourcesBuildPhase;
			buildActionMask = 2147483647;
			files = (
				EB7F3F1C24E721E2003DCD3D /* RandomArtTests.swift in Sources */,
			);
			runOnlyForDeploymentPostprocessing = 0;
		};
		EB7F3F1E24E721E2003DCD3D /* Sources */ = {
			isa = PBXSourcesBuildPhase;
			buildActionMask = 2147483647;
			files = (
				EB7F3F2724E721E2003DCD3D /* RandomArtUITests.swift in Sources */,
			);
			runOnlyForDeploymentPostprocessing = 0;
		};
/* End PBXSourcesBuildPhase section */

/* Begin PBXTargetDependency section */
		EB7F3F1924E721E2003DCD3D /* PBXTargetDependency */ = {
			isa = PBXTargetDependency;
			target = EB7F3F0024E721E1003DCD3D /* RandomArt */;
			targetProxy = EB7F3F1824E721E2003DCD3D /* PBXContainerItemProxy */;
		};
		EB7F3F2424E721E2003DCD3D /* PBXTargetDependency */ = {
			isa = PBXTargetDependency;
			target = EB7F3F0024E721E1003DCD3D /* RandomArt */;
			targetProxy = EB7F3F2324E721E2003DCD3D /* PBXContainerItemProxy */;
		};
/* End PBXTargetDependency section */

/* Begin PBXVariantGroup section */
		EB7F3F0A24E721E1003DCD3D /* Main.storyboard */ = {
			isa = PBXVariantGroup;
			children = (
				EB7F3F0B24E721E1003DCD3D /* Base */,
			);
			name = Main.storyboard;
			sourceTree = "<group>";
		};
		EB7F3F0F24E721E2003DCD3D /* LaunchScreen.storyboard */ = {
			isa = PBXVariantGroup;
			children = (
				EB7F3F1024E721E2003DCD3D /* Base */,
			);
			name = LaunchScreen.storyboard;
			sourceTree = "<group>";
		};
/* End PBXVariantGroup section */

/* Begin XCBuildConfiguration section */
		EB7F3F2924E721E2003DCD3D /* Debug */ = {
			isa = XCBuildConfiguration;
			buildSettings = {
				ALWAYS_SEARCH_USER_PATHS = NO;
				CLANG_ANALYZER_NONNULL = YES;
				CLANG_ANALYZER_NUMBER_OBJECT_CONVERSION = YES_AGGRESSIVE;
				CLANG_CXX_LANGUAGE_STANDARD = "gnu++14";
				CLANG_CXX_LIBRARY = "libc++";
				CLANG_ENABLE_MODULES = YES;
				CLANG_ENABLE_OBJC_ARC = YES;
				CLANG_ENABLE_OBJC_WEAK = YES;
				CLANG_WARN_BLOCK_CAPTURE_AUTORELEASING = YES;
				CLANG_WARN_BOOL_CONVERSION = YES;
				CLANG_WARN_COMMA = YES;
				CLANG_WARN_CONSTANT_CONVERSION = YES;
				CLANG_WARN_DEPRECATED_OBJC_IMPLEMENTATIONS = YES;
				CLANG_WARN_DIRECT_OBJC_ISA_USAGE = YES_ERROR;
				CLANG_WARN_DOCUMENTATION_COMMENTS = YES;
				CLANG_WARN_EMPTY_BODY = YES;
				CLANG_WARN_ENUM_CONVERSION = YES;
				CLANG_WARN_INFINITE_RECURSION = YES;
				CLANG_WARN_INT_CONVERSION = YES;
				CLANG_WARN_NON_LITERAL_NULL_CONVERSION = YES;
				CLANG_WARN_OBJC_IMPLICIT_RETAIN_SELF = YES;
				CLANG_WARN_OBJC_LITERAL_CONVERSION = YES;
				CLANG_WARN_OBJC_ROOT_CLASS = YES_ERROR;
				CLANG_WARN_QUOTED_INCLUDE_IN_FRAMEWORK_HEADER = YES;
				CLANG_WARN_RANGE_LOOP_ANALYSIS = YES;
				CLANG_WARN_STRICT_PROTOTYPES = YES;
				CLANG_WARN_SUSPICIOUS_MOVE = YES;
				CLANG_WARN_UNGUARDED_AVAILABILITY = YES_AGGRESSIVE;
				CLANG_WARN_UNREACHABLE_CODE = YES;
				CLANG_WARN__DUPLICATE_METHOD_MATCH = YES;
				COPY_PHASE_STRIP = NO;
				DEBUG_INFORMATION_FORMAT = dwarf;
				ENABLE_STRICT_OBJC_MSGSEND = YES;
				ENABLE_TESTABILITY = YES;
				GCC_C_LANGUAGE_STANDARD = gnu11;
				GCC_DYNAMIC_NO_PIC = NO;
				GCC_NO_COMMON_BLOCKS = YES;
				GCC_OPTIMIZATION_LEVEL = 0;
				GCC_PREPROCESSOR_DEFINITIONS = (
					"DEBUG=1",
					"$(inherited)",
				);
				GCC_WARN_64_TO_32_BIT_CONVERSION = YES;
				GCC_WARN_ABOUT_RETURN_TYPE = YES_ERROR;
				GCC_WARN_UNDECLARED_SELECTOR = YES;
				GCC_WARN_UNINITIALIZED_AUTOS = YES_AGGRESSIVE;
				GCC_WARN_UNUSED_FUNCTION = YES;
				GCC_WARN_UNUSED_VARIABLE = YES;
				IPHONEOS_DEPLOYMENT_TARGET = 13.0;
				MTL_ENABLE_DEBUG_INFO = INCLUDE_SOURCE;
				MTL_FAST_MATH = YES;
				ONLY_ACTIVE_ARCH = YES;
				SDKROOT = iphoneos;
				SWIFT_ACTIVE_COMPILATION_CONDITIONS = DEBUG;
				SWIFT_OPTIMIZATION_LEVEL = "-Onone";
			};
			name = Debug;
		};
		EB7F3F2A24E721E2003DCD3D /* Release */ = {
			isa = XCBuildConfiguration;
			buildSettings = {
				ALWAYS_SEARCH_USER_PATHS = NO;
				CLANG_ANALYZER_NONNULL = YES;
				CLANG_ANALYZER_NUMBER_OBJECT_CONVERSION = YES_AGGRESSIVE;
				CLANG_CXX_LANGUAGE_STANDARD = "gnu++14";
				CLANG_CXX_LIBRARY = "libc++";
				CLANG_ENABLE_MODULES = YES;
				CLANG_ENABLE_OBJC_ARC = YES;
				CLANG_ENABLE_OBJC_WEAK = YES;
				CLANG_WARN_BLOCK_CAPTURE_AUTORELEASING = YES;
				CLANG_WARN_BOOL_CONVERSION = YES;
				CLANG_WARN_COMMA = YES;
				CLANG_WARN_CONSTANT_CONVERSION = YES;
				CLANG_WARN_DEPRECATED_OBJC_IMPLEMENTATIONS = YES;
				CLANG_WARN_DIRECT_OBJC_ISA_USAGE = YES_ERROR;
				CLANG_WARN_DOCUMENTATION_COMMENTS = YES;
				CLANG_WARN_EMPTY_BODY = YES;
				CLANG_WARN_ENUM_CONVERSION = YES;
				CLANG_WARN_INFINITE_RECURSION = YES;
				CLANG_WARN_INT_CONVERSION = YES;
				CLANG_WARN_NON_LITERAL_NULL_CONVERSION = YES;
				CLANG_WARN_OBJC_IMPLICIT_RETAIN_SELF = YES;
				CLANG_WARN_OBJC_LITERAL_CONVERSION = YES;
				CLANG_WARN_OBJC_ROOT_CLASS = YES_ERROR;
				CLANG_WARN_QUOTED_INCLUDE_IN_FRAMEWORK_HEADER = YES;
				CLANG_WARN_RANGE_LOOP_ANALYSIS = YES;
				CLANG_WARN_STRICT_PROTOTYPES = YES;
				CLANG_WARN_SUSPICIOUS_MOVE = YES;
				CLANG_WARN_UNGUARDED_AVAILABILITY = YES_AGGRESSIVE;
				CLANG_WARN_UNREACHABLE_CODE = YES;
				CLANG_WARN__DUPLICATE_METHOD_MATCH = YES;
				COPY_PHASE_STRIP = NO;
				DEBUG_INFORMATION_FORMAT = "dwarf-with-dsym";
				ENABLE_NS_ASSERTIONS = NO;
				ENABLE_STRICT_OBJC_MSGSEND = YES;
				GCC_C_LANGUAGE_STANDARD = gnu11;
				GCC_NO_COMMON_BLOCKS = YES;
				GCC_WARN_64_TO_32_BIT_CONVERSION = YES;
				GCC_WARN_ABOUT_RETURN_TYPE = YES_ERROR;
				GCC_WARN_UNDECLARED_SELECTOR = YES;
				GCC_WARN_UNINITIALIZED_AUTOS = YES_AGGRESSIVE;
				GCC_WARN_UNUSED_FUNCTION = YES;
				GCC_WARN_UNUSED_VARIABLE = YES;
				IPHONEOS_DEPLOYMENT_TARGET = 13.0;
				MTL_ENABLE_DEBUG_INFO = NO;
				MTL_FAST_MATH = YES;
				SDKROOT = iphoneos;
				SWIFT_COMPILATION_MODE = wholemodule;
				SWIFT_OPTIMIZATION_LEVEL = "-O";
				VALIDATE_PRODUCT = YES;
			};
			name = Release;
		};
		EB7F3F2C24E721E2003DCD3D /* Debug */ = {
			isa = XCBuildConfiguration;
			baseConfigurationReference = E595757E0AEFB5B2C91A120E /* Pods-RandomArt.debug.xcconfig */;
			buildSettings = {
				ASSETCATALOG_COMPILER_APPICON_NAME = AppIcon;
				CODE_SIGN_STYLE = Automatic;
				DEVELOPMENT_TEAM = J6522LJSM9;
				INFOPLIST_FILE = RandomArt/Info.plist;
				IPHONEOS_DEPLOYMENT_TARGET = 13.0;
				LD_RUNPATH_SEARCH_PATHS = (
					"$(inherited)",
					"@executable_path/Frameworks",
				);
				MACOSX_DEPLOYMENT_TARGET = 11;
				PRODUCT_BUNDLE_IDENTIFIER = ronalds.RandomArt;
				PRODUCT_NAME = "$(TARGET_NAME)";
				SWIFT_VERSION = 5.0;
				TARGETED_DEVICE_FAMILY = 1;
			};
			name = Debug;
		};
		EB7F3F2D24E721E2003DCD3D /* Release */ = {
			isa = XCBuildConfiguration;
			baseConfigurationReference = B1E1176E7EAF03D3420532E0 /* Pods-RandomArt.release.xcconfig */;
			buildSettings = {
				ASSETCATALOG_COMPILER_APPICON_NAME = AppIcon;
				CODE_SIGN_STYLE = Automatic;
				DEVELOPMENT_TEAM = J6522LJSM9;
				INFOPLIST_FILE = RandomArt/Info.plist;
				IPHONEOS_DEPLOYMENT_TARGET = 13.0;
				LD_RUNPATH_SEARCH_PATHS = (
					"$(inherited)",
					"@executable_path/Frameworks",
				);
				MACOSX_DEPLOYMENT_TARGET = 11;
				PRODUCT_BUNDLE_IDENTIFIER = ronalds.RandomArt;
				PRODUCT_NAME = "$(TARGET_NAME)";
				SWIFT_VERSION = 5.0;
				TARGETED_DEVICE_FAMILY = 1;
			};
			name = Release;
		};
		EB7F3F2F24E721E2003DCD3D /* Debug */ = {
			isa = XCBuildConfiguration;
			buildSettings = {
				ALWAYS_EMBED_SWIFT_STANDARD_LIBRARIES = YES;
				BUNDLE_LOADER = "$(TEST_HOST)";
				CODE_SIGN_STYLE = Automatic;
				INFOPLIST_FILE = RandomArtTests/Info.plist;
				IPHONEOS_DEPLOYMENT_TARGET = 13.6;
				LD_RUNPATH_SEARCH_PATHS = (
					"$(inherited)",
					"@executable_path/Frameworks",
					"@loader_path/Frameworks",
				);
				PRODUCT_BUNDLE_IDENTIFIER = ronalds.RandomArtTests;
				PRODUCT_NAME = "$(TARGET_NAME)";
				SWIFT_VERSION = 5.0;
				TARGETED_DEVICE_FAMILY = "1,2";
				TEST_HOST = "$(BUILT_PRODUCTS_DIR)/RandomArt.app/RandomArt";
			};
			name = Debug;
		};
		EB7F3F3024E721E2003DCD3D /* Release */ = {
			isa = XCBuildConfiguration;
			buildSettings = {
				ALWAYS_EMBED_SWIFT_STANDARD_LIBRARIES = YES;
				BUNDLE_LOADER = "$(TEST_HOST)";
				CODE_SIGN_STYLE = Automatic;
				INFOPLIST_FILE = RandomArtTests/Info.plist;
				IPHONEOS_DEPLOYMENT_TARGET = 13.6;
				LD_RUNPATH_SEARCH_PATHS = (
					"$(inherited)",
					"@executable_path/Frameworks",
					"@loader_path/Frameworks",
				);
				PRODUCT_BUNDLE_IDENTIFIER = ronalds.RandomArtTests;
				PRODUCT_NAME = "$(TARGET_NAME)";
				SWIFT_VERSION = 5.0;
				TARGETED_DEVICE_FAMILY = "1,2";
				TEST_HOST = "$(BUILT_PRODUCTS_DIR)/RandomArt.app/RandomArt";
			};
			name = Release;
		};
		EB7F3F3224E721E2003DCD3D /* Debug */ = {
			isa = XCBuildConfiguration;
			buildSettings = {
				ALWAYS_EMBED_SWIFT_STANDARD_LIBRARIES = YES;
				CODE_SIGN_STYLE = Automatic;
				INFOPLIST_FILE = RandomArtUITests/Info.plist;
				LD_RUNPATH_SEARCH_PATHS = (
					"$(inherited)",
					"@executable_path/Frameworks",
					"@loader_path/Frameworks",
				);
				PRODUCT_BUNDLE_IDENTIFIER = ronalds.RandomArtUITests;
				PRODUCT_NAME = "$(TARGET_NAME)";
				SWIFT_VERSION = 5.0;
				TARGETED_DEVICE_FAMILY = "1,2";
				TEST_TARGET_NAME = RandomArt;
			};
			name = Debug;
		};
		EB7F3F3324E721E2003DCD3D /* Release */ = {
			isa = XCBuildConfiguration;
			buildSettings = {
				ALWAYS_EMBED_SWIFT_STANDARD_LIBRARIES = YES;
				CODE_SIGN_STYLE = Automatic;
				INFOPLIST_FILE = RandomArtUITests/Info.plist;
				LD_RUNPATH_SEARCH_PATHS = (
					"$(inherited)",
					"@executable_path/Frameworks",
					"@loader_path/Frameworks",
				);
				PRODUCT_BUNDLE_IDENTIFIER = ronalds.RandomArtUITests;
				PRODUCT_NAME = "$(TARGET_NAME)";
				SWIFT_VERSION = 5.0;
				TARGETED_DEVICE_FAMILY = "1,2";
				TEST_TARGET_NAME = RandomArt;
			};
			name = Release;
		};
/* End XCBuildConfiguration section */

/* Begin XCConfigurationList section */
		EB7F3EFC24E721E1003DCD3D /* Build configuration list for PBXProject "RandomArt" */ = {
			isa = XCConfigurationList;
			buildConfigurations = (
				EB7F3F2924E721E2003DCD3D /* Debug */,
				EB7F3F2A24E721E2003DCD3D /* Release */,
			);
			defaultConfigurationIsVisible = 0;
			defaultConfigurationName = Release;
		};
		EB7F3F2B24E721E2003DCD3D /* Build configuration list for PBXNativeTarget "RandomArt" */ = {
			isa = XCConfigurationList;
			buildConfigurations = (
				EB7F3F2C24E721E2003DCD3D /* Debug */,
				EB7F3F2D24E721E2003DCD3D /* Release */,
			);
			defaultConfigurationIsVisible = 0;
			defaultConfigurationName = Release;
		};
		EB7F3F2E24E721E2003DCD3D /* Build configuration list for PBXNativeTarget "RandomArtTests" */ = {
			isa = XCConfigurationList;
			buildConfigurations = (
				EB7F3F2F24E721E2003DCD3D /* Debug */,
				EB7F3F3024E721E2003DCD3D /* Release */,
			);
			defaultConfigurationIsVisible = 0;
			defaultConfigurationName = Release;
		};
		EB7F3F3124E721E2003DCD3D /* Build configuration list for PBXNativeTarget "RandomArtUITests" */ = {
			isa = XCConfigurationList;
			buildConfigurations = (
				EB7F3F3224E721E2003DCD3D /* Debug */,
				EB7F3F3324E721E2003DCD3D /* Release */,
			);
			defaultConfigurationIsVisible = 0;
			defaultConfigurationName = Release;
		};
/* End XCConfigurationList section */
	};
	rootObject = EB7F3EF924E721E1003DCD3D /* Project object */;
}
